
Microsoft Visual Studio Solution File, Format Version 12.00
# Visual Studio Version 17
VisualStudioVersion = 17.5.33502.453
MinimumVisualStudioVersion = 10.0.40219.1
Project("{FAE04EC0-301F-11D3-BF4B-00C04F79EFBC}") = "JovemProgramadorMVC10", "JovemProgramadorMVC10\JovemProgramadorMVC10.csproj", "{A2696F27-BCEC-4B8B-B475-DBE8B301DF95}"
EndProject
Global
	GlobalSection(SolutionConfigurationPlatforms) = preSolution
		Debug|Any CPU = Debug|Any CPU
		Release|Any CPU = Release|Any CPU
	EndGlobalSection
	GlobalSection(ProjectConfigurationPlatforms) = postSolution
		{A2696F27-BCEC-4B8B-B475-DBE8B301DF95}.Debug|Any CPU.ActiveCfg = Debug|Any CPU
		{A2696F27-BCEC-4B8B-B475-DBE8B301DF95}.Debug|Any CPU.Build.0 = Debug|Any CPU
		{A2696F27-BCEC-4B8B-B475-DBE8B301DF95}.Release|Any CPU.ActiveCfg = Release|Any CPU
		{A2696F27-BCEC-4B8B-B475-DBE8B301DF95}.Release|Any CPU.Build.0 = Release|Any CPU
	EndGlobalSection
	GlobalSection(SolutionProperties) = preSolution
		HideSolutionNode = FALSE
	EndGlobalSection
	GlobalSection(ExtensibilityGlobals) = postSolution
		SolutionGuid = {5F53ACC6-97E2-4825-A1A7-5577AE7CDC5C}
	EndGlobalSection
EndGlobal
